
Microsoft Visual Studio Solution File, Format Version 12.00
# Visual Studio Version 16
VisualStudioVersion = 16.0.29306.81
MinimumVisualStudioVersion = 10.0.40219.1
Project("{9A19103F-16F7-4668-BE54-9A1E7A4F7556}") = "CustomerAPI", "WebApplication1\CustomerAPI.csproj", "{87FEA2A3-FF69-4848-A3F9-8E793EC7B28F}"
EndProject
Global
	GlobalSection(SolutionConfigurationPlatforms) = preSolution
		Debug|Any CPU = Debug|Any CPU
		Release|Any CPU = Release|Any CPU
	EndGlobalSection
	GlobalSection(ProjectConfigurationPlatforms) = postSolution
		{87FEA2A3-FF69-4848-A3F9-8E793EC7B28F}.Debug|Any CPU.ActiveCfg = Debug|Any CPU
		{87FEA2A3-FF69-4848-A3F9-8E793EC7B28F}.Debug|Any CPU.Build.0 = Debug|Any CPU
		{87FEA2A3-FF69-4848-A3F9-8E793EC7B28F}.Release|Any CPU.ActiveCfg = Release|Any CPU
		{87FEA2A3-FF69-4848-A3F9-8E793EC7B28F}.Release|Any CPU.Build.0 = Release|Any CPU
	EndGlobalSection
	GlobalSection(SolutionProperties) = preSolution
		HideSolutionNode = FALSE
	EndGlobalSection
	GlobalSection(ExtensibilityGlobals) = postSolution
		SolutionGuid = {674B1E83-AB27-4DA4-9848-1217319C02D6}
	EndGlobalSection
EndGlobal
